
Microsoft Visual Studio Solution File, Format Version 12.00
# Visual Studio Version 17
VisualStudioVersion = 17.14.36119.2
MinimumVisualStudioVersion = 10.0.40219.1
Project("{FAE04EC0-301F-11D3-BF4B-00C04F79EFBC}") = "TrainHub", "TrainHub\TrainHub.csproj", "{45DC029C-8B27-41A6-8F2A-54B83895028C}"
EndProject
Global
	GlobalSection(SolutionConfigurationPlatforms) = preSolution
		Debug|Any CPU = Debug|Any CPU
		Release|Any CPU = Release|Any CPU
	EndGlobalSection
	GlobalSection(ProjectConfigurationPlatforms) = postSolution
		{45DC029C-8B27-41A6-8F2A-54B83895028C}.Debug|Any CPU.ActiveCfg = Debug|Any CPU
		{45DC029C-8B27-41A6-8F2A-54B83895028C}.Debug|Any CPU.Build.0 = Debug|Any CPU
		{45DC029C-8B27-41A6-8F2A-54B83895028C}.Release|Any CPU.ActiveCfg = Release|Any CPU
		{45DC029C-8B27-41A6-8F2A-54B83895028C}.Release|Any CPU.Build.0 = Release|Any CPU
	EndGlobalSection
	GlobalSection(SolutionProperties) = preSolution
		HideSolutionNode = FALSE
	EndGlobalSection
	GlobalSection(ExtensibilityGlobals) = postSolution
		SolutionGuid = {385C81EE-CDD7-4853-9C25-34860AB5219E}
	EndGlobalSection
EndGlobal
